Microsoft Visual Studio Solution File, Format Version 12.00
# Visual Studio Version 17
VisualStudioVersion = 17.5.2.0
MinimumVisualStudioVersion = 10.0.40219.1
Project("{FAE04EC0-301F-11D3-BF4B-00C04F79EFBC}") = "PolymorphismExample", "StructuralDependencie\PolymorphismExample\PolymorphismExample.csproj", "{8FA036EF-7B72-58BB-B43E-93FBA22DFB01}"
EndProject
Project("{2150E333-8FDC-42A3-9474-1A3956D46DE8}") = "StructuralDependencie", "StructuralDependencie", "{19638EBC-EF4A-4E68-8898-EFDDD2B06E2B}"
EndProject
Project("{FAE04EC0-301F-11D3-BF4B-00C04F79EFBC}") = "FacadePattern", "StructuralDependencie\FacadePattern\FacadePattern.csproj", "{3AA33951-4921-48E2-B0CC-E4B33D9DD746}"
EndProject
Global
	GlobalSection(SolutionConfigurationPlatforms) = preSolution
		Debug|Any CPU = Debug|Any CPU
		Release|Any CPU = Release|Any CPU
	EndGlobalSection
	GlobalSection(ProjectConfigurationPlatforms) = postSolution
		{8FA036EF-7B72-58BB-B43E-93FBA22DFB01}.Debug|Any CPU.ActiveCfg = Debug|Any CPU
		{8FA036EF-7B72-58BB-B43E-93FBA22DFB01}.Debug|Any CPU.Build.0 = Debug|Any CPU
		{8FA036EF-7B72-58BB-B43E-93FBA22DFB01}.Release|Any CPU.ActiveCfg = Release|Any CPU
		{8FA036EF-7B72-58BB-B43E-93FBA22DFB01}.Release|Any CPU.Build.0 = Release|Any CPU
		{3AA33951-4921-48E2-B0CC-E4B33D9DD746}.Debug|Any CPU.ActiveCfg = Debug|Any CPU
		{3AA33951-4921-48E2-B0CC-E4B33D9DD746}.Debug|Any CPU.Build.0 = Debug|Any CPU
		{3AA33951-4921-48E2-B0CC-E4B33D9DD746}.Release|Any CPU.ActiveCfg = Release|Any CPU
		{3AA33951-4921-48E2-B0CC-E4B33D9DD746}.Release|Any CPU.Build.0 = Release|Any CPU
	EndGlobalSection
	GlobalSection(SolutionProperties) = preSolution
		HideSolutionNode = FALSE
	EndGlobalSection
	GlobalSection(ExtensibilityGlobals) = postSolution
		SolutionGuid = {2DE44673-1E29-4CCF-B595-B9DA84CA72B6}
	EndGlobalSection
	GlobalSection(NestedProjects) = preSolution
		{3AA33951-4921-48E2-B0CC-E4B33D9DD746} = {19638EBC-EF4A-4E68-8898-EFDDD2B06E2B}
	EndGlobalSection
EndGlobal
